
Microsoft Visual Studio Solution File, Format Version 12.00
# Visual Studio Version 16
VisualStudioVersion = 16.0.31019.35
MinimumVisualStudioVersion = 10.0.40219.1
Project("{9A19103F-16F7-4668-BE54-9A1E7A4F7556}") = "WebApplication", "WebApplication\WebApplication.csproj", "{08926A3C-90E3-4FDF-9200-C5D417D75572}"
EndProject
Project("{FAE04EC0-301F-11D3-BF4B-00C04F79EFBC}") = "WebApplication.Tests", "WebApplication.Tests\WebApplication.Tests.csproj", "{CC43A658-CE1D-40B8-BF01-34BE6CCA1FEC}"
EndProject
Global
	GlobalSection(SolutionConfigurationPlatforms) = preSolution
		Debug|Any CPU = Debug|Any CPU
		Release|Any CPU = Release|Any CPU
	EndGlobalSection
	GlobalSection(ProjectConfigurationPlatforms) = postSolution
		{08926A3C-90E3-4FDF-9200-C5D417D75572}.Debug|Any CPU.ActiveCfg = Debug|Any CPU
		{08926A3C-90E3-4FDF-9200-C5D417D75572}.Debug|Any CPU.Build.0 = Debug|Any CPU
		{08926A3C-90E3-4FDF-9200-C5D417D75572}.Release|Any CPU.ActiveCfg = Release|Any CPU
		{08926A3C-90E3-4FDF-9200-C5D417D75572}.Release|Any CPU.Build.0 = Release|Any CPU
		{CC43A658-CE1D-40B8-BF01-34BE6CCA1FEC}.Debug|Any CPU.ActiveCfg = Debug|Any CPU
		{CC43A658-CE1D-40B8-BF01-34BE6CCA1FEC}.Debug|Any CPU.Build.0 = Debug|Any CPU
		{CC43A658-CE1D-40B8-BF01-34BE6CCA1FEC}.Release|Any CPU.ActiveCfg = Release|Any CPU
		{CC43A658-CE1D-40B8-BF01-34BE6CCA1FEC}.Release|Any CPU.Build.0 = Release|Any CPU
	EndGlobalSection
	GlobalSection(SolutionProperties) = preSolution
		HideSolutionNode = FALSE
	EndGlobalSection
	GlobalSection(ExtensibilityGlobals) = postSolution
		SolutionGuid = {5650F1C7-E7CC-4CD7-A365-523FE22992F3}
	EndGlobalSection
EndGlobal
